{
  "object": {
    "pins": [
      {
        "package": "CryptorRSA",
        "repositoryURL": "https://github.com/IBM-Swift/BlueRSA.git",
        "state": {
          "branch": null,
          "revision": "408b0c8161001ec5e636bc29bc3006290e570dc0",
          "version": "1.0.28"
        }
      },
      {
        "package": "CryptoSwift",
        "repositoryURL": "https://github.com/krzyzanowskim/CryptoSwift.git",
        "state": {
          "branch": null,
          "revision": "3a2acbb32ab68215ee1596ee6004da8e90c3721b",
          "version": "1.0.0"
        }
      },
      {
        "package": "OpenSSL",
        "repositoryURL": "https://github.com/IBM-Swift/OpenSSL.git",
        "state": {
          "branch": null,
          "revision": "6c7e2e3610037fbc05c0d846cec981518961d8bf",
          "version": "2.2.2"
        }
      }
    ]
  },
  "version": 1
}
