{
  "object": {
    "pins": [
      {
        "package": "CryptorRSA",
        "repositoryURL": "https://github.com/fuzed-innovations/BlueRSA.git",
        "state": {
          "branch": null,
          "revision": "d8e0609064b19c9ecd4bc43e1f981f17974ed19b",
          "version": "1.0.1-beta.2.0"
        }
      },
      {
        "package": "CryptoSwift",
        "repositoryURL": "https://github.com/krzyzanowskim/CryptoSwift.git",
        "state": {
          "branch": null,
          "revision": "f2ca9c377d4b44596a131e37eeb908221fb6e6be",
          "version": "0.8.3"
        }
      },
      {
        "package": "OpenSSL",
        "repositoryURL": "https://github.com/IBM-Swift/OpenSSL.git",
        "state": {
          "branch": null,
          "revision": "95c405c18a071a1c13616e984ba1b3c6091ca6ca",
          "version": "1.0.0"
        }
      }
    ]
  },
  "version": 1
}
